// !$*UTF8*$!
{
	archiveVersion = 1;
	classes = {
	};
	objectVersion = 56;
	objects = {

/* Begin PBXBuildFile section */
		686F3ADB5C838B88912BBC20 /* Pods_CityNavigation_CityNavigationUITests.framework in Frameworks */ = {isa = PBXBuildFile; fileRef = 4F9EAB094B53C31B50176466 /* Pods_CityNavigation_CityNavigationUITests.framework */; };
		8FD218BF3331C0E0D0AD05E0 /* Pods_CityNavigationTests.framework in Frameworks */ = {isa = PBXBuildFile; fileRef = 7525280948A89B036778117B /* Pods_CityNavigationTests.framework */; };
		A2B3F52E2B50EC4700B5F72F /* CityNavigationApp.swift in Sources */ = {isa = PBXBuildFile; fileRef = A2B3F52D2B50EC4700B5F72F /* CityNavigationApp.swift */; };
		A2B3F5302B50EC4700B5F72F /* ContentView.swift in Sources */ = {isa = PBXBuildFile; fileRef = A2B3F52F2B50EC4700B5F72F /* ContentView.swift */; };
		A2B3F5322B50EC4800B5F72F /* Assets.xcassets in Resources */ = {isa = PBXBuildFile; fileRef = A2B3F5312B50EC4800B5F72F /* Assets.xcassets */; };
		A2B3F5352B50EC4800B5F72F /* Preview Assets.xcassets in Resources */ = {isa = PBXBuildFile; fileRef = A2B3F5342B50EC4800B5F72F /* Preview Assets.xcassets */; };
		A2B3F53F2B50EC4800B5F72F /* CityNavigationTests.swift in Sources */ = {isa = PBXBuildFile; fileRef = A2B3F53E2B50EC4800B5F72F /* CityNavigationTests.swift */; };
		A2B3F5492B50EC4800B5F72F /* CityNavigationUITests.swift in Sources */ = {isa = PBXBuildFile; fileRef = A2B3F5482B50EC4800B5F72F /* CityNavigationUITests.swift */; };
		A2B3F54B2B50EC4800B5F72F /* CityNavigationUITestsLaunchTests.swift in Sources */ = {isa = PBXBuildFile; fileRef = A2B3F54A2B50EC4800B5F72F /* CityNavigationUITestsLaunchTests.swift */; };
		A2B3F55D2B50ED3700B5F72F /* MapViewController.swift in Sources */ = {isa = PBXBuildFile; fileRef = A2B3F55C2B50ED3700B5F72F /* MapViewController.swift */; };
		A2B3F5602B50ED5D00B5F72F /* SearchViewController.swift in Sources */ = {isa = PBXBuildFile; fileRef = A2B3F55F2B50ED5D00B5F72F /* SearchViewController.swift */; };
		A2B3F5622B50ED7000B5F72F /* HomeView.swift in Sources */ = {isa = PBXBuildFile; fileRef = A2B3F5612B50ED7000B5F72F /* HomeView.swift */; };
		A2B3F5652B5213E300B5F72F /* GoogleService-Info.plist in Resources */ = {isa = PBXBuildFile; fileRef = A2B3F5642B5213E300B5F72F /* GoogleService-Info.plist */; };
		A2B3F5662B5213E300B5F72F /* GoogleService-Info.plist in Resources */ = {isa = PBXBuildFile; fileRef = A2B3F5642B5213E300B5F72F /* GoogleService-Info.plist */; };
		A2B3F5672B5213E300B5F72F /* GoogleService-Info.plist in Resources */ = {isa = PBXBuildFile; fileRef = A2B3F5642B5213E300B5F72F /* GoogleService-Info.plist */; };
		A2B3F5762B54B9AE00B5F72F /* HomeDataSource.swift in Sources */ = {isa = PBXBuildFile; fileRef = A2B3F5752B54B9AE00B5F72F /* HomeDataSource.swift */; };
		A2B3F5772B54B9AE00B5F72F /* HomeDataSource.swift in Sources */ = {isa = PBXBuildFile; fileRef = A2B3F5752B54B9AE00B5F72F /* HomeDataSource.swift */; };
		A2B3F5782B54B9AE00B5F72F /* HomeDataSource.swift in Sources */ = {isa = PBXBuildFile; fileRef = A2B3F5752B54B9AE00B5F72F /* HomeDataSource.swift */; };
		A2B3F57B2B54B9C400B5F72F /* HomeRemoteDataSource.swift in Sources */ = {isa = PBXBuildFile; fileRef = A2B3F57A2B54B9C400B5F72F /* HomeRemoteDataSource.swift */; };
		A2B3F57C2B54B9C400B5F72F /* HomeRemoteDataSource.swift in Sources */ = {isa = PBXBuildFile; fileRef = A2B3F57A2B54B9C400B5F72F /* HomeRemoteDataSource.swift */; };
		A2B3F57D2B54B9C400B5F72F /* HomeRemoteDataSource.swift in Sources */ = {isa = PBXBuildFile; fileRef = A2B3F57A2B54B9C400B5F72F /* HomeRemoteDataSource.swift */; };
		A2B3F5892B54D1E400B5F72F /* FirebaseFirestoreSwift in Frameworks */ = {isa = PBXBuildFile; productRef = A2B3F5882B54D1E400B5F72F /* FirebaseFirestoreSwift */; };
		CBBE3331E39BB0DE76E2C661 /* Pods_CityNavigation.framework in Frameworks */ = {isa = PBXBuildFile; fileRef = 8B44C703EAF23EDE20D732C9 /* Pods_CityNavigation.framework */; };
/* End PBXBuildFile section */

/* Begin PBXContainerItemProxy section */
		A2B3F53B2B50EC4800B5F72F /* PBXContainerItemProxy */ = {
			isa = PBXContainerItemProxy;
			containerPortal = A2B3F5222B50EC4700B5F72F /* Project object */;
			proxyType = 1;
			remoteGlobalIDString = A2B3F5292B50EC4700B5F72F;
			remoteInfo = CityNavigation;
		};
		A2B3F5452B50EC4800B5F72F /* PBXContainerItemProxy */ = {
			isa = PBXContainerItemProxy;
			containerPortal = A2B3F5222B50EC4700B5F72F /* Project object */;
			proxyType = 1;
			remoteGlobalIDString = A2B3F5292B50EC4700B5F72F;
			remoteInfo = CityNavigation;
		};
/* End PBXContainerItemProxy section */

/* Begin PBXFileReference section */
		0D9B8022BD4F351E7C9E3B6E /* Pods-CityNavigation-CityNavigationUITests.release.xcconfig */ = {isa = PBXFileReference; includeInIndex = 1; lastKnownFileType = text.xcconfig; name = "Pods-CityNavigation-CityNavigationUITests.release.xcconfig"; path = "Target Support Files/Pods-CityNavigation-CityNavigationUITests/Pods-CityNavigation-CityNavigationUITests.release.xcconfig"; sourceTree = "<group>"; };
		1D3EB1009BBFFC5ACD4BA91E /* Pods-CityNavigation.debug.xcconfig */ = {isa = PBXFileReference; includeInIndex = 1; lastKnownFileType = text.xcconfig; name = "Pods-CityNavigation.debug.xcconfig"; path = "Target Support Files/Pods-CityNavigation/Pods-CityNavigation.debug.xcconfig"; sourceTree = "<group>"; };
		4ABA6B34CDC7CA29B8B3C162 /* Pods-CityNavigationTests.debug.xcconfig */ = {isa = PBXFileReference; includeInIndex = 1; lastKnownFileType = text.xcconfig; name = "Pods-CityNavigationTests.debug.xcconfig"; path = "Target Support Files/Pods-CityNavigationTests/Pods-CityNavigationTests.debug.xcconfig"; sourceTree = "<group>"; };
		4C72098DCBCE38B12719CC09 /* Pods-CityNavigation.release.xcconfig */ = {isa = PBXFileReference; includeInIndex = 1; lastKnownFileType = text.xcconfig; name = "Pods-CityNavigation.release.xcconfig"; path = "Target Support Files/Pods-CityNavigation/Pods-CityNavigation.release.xcconfig"; sourceTree = "<group>"; };
		4F9EAB094B53C31B50176466 /* Pods_CityNavigation_CityNavigationUITests.framework */ = {isa = PBXFileReference; explicitFileType = wrapper.framework; includeInIndex = 0; path = Pods_CityNavigation_CityNavigationUITests.framework; sourceTree = BUILT_PRODUCTS_DIR; };
		7525280948A89B036778117B /* Pods_CityNavigationTests.framework */ = {isa = PBXFileReference; explicitFileType = wrapper.framework; includeInIndex = 0; path = Pods_CityNavigationTests.framework; sourceTree = BUILT_PRODUCTS_DIR; };
		8B44C703EAF23EDE20D732C9 /* Pods_CityNavigation.framework */ = {isa = PBXFileReference; explicitFileType = wrapper.framework; includeInIndex = 0; path = Pods_CityNavigation.framework; sourceTree = BUILT_PRODUCTS_DIR; };
		A2B3F52A2B50EC4700B5F72F /* CityNavigation.app */ = {isa = PBXFileReference; explicitFileType = wrapper.application; includeInIndex = 0; path = CityNavigation.app; sourceTree = BUILT_PRODUCTS_DIR; };
		A2B3F52D2B50EC4700B5F72F /* CityNavigationApp.swift */ = {isa = PBXFileReference; lastKnownFileType = sourcecode.swift; path = CityNavigationApp.swift; sourceTree = "<group>"; };
		A2B3F52F2B50EC4700B5F72F /* ContentView.swift */ = {isa = PBXFileReference; lastKnownFileType = sourcecode.swift; path = ContentView.swift; sourceTree = "<group>"; };
		A2B3F5312B50EC4800B5F72F /* Assets.xcassets */ = {isa = PBXFileReference; lastKnownFileType = folder.assetcatalog; path = Assets.xcassets; sourceTree = "<group>"; };
		A2B3F5342B50EC4800B5F72F /* Preview Assets.xcassets */ = {isa = PBXFileReference; lastKnownFileType = folder.assetcatalog; path = "Preview Assets.xcassets"; sourceTree = "<group>"; };
		A2B3F53A2B50EC4800B5F72F /* CityNavigationTests.xctest */ = {isa = PBXFileReference; explicitFileType = wrapper.cfbundle; includeInIndex = 0; path = CityNavigationTests.xctest; sourceTree = BUILT_PRODUCTS_DIR; };
		A2B3F53E2B50EC4800B5F72F /* CityNavigationTests.swift */ = {isa = PBXFileReference; lastKnownFileType = sourcecode.swift; path = CityNavigationTests.swift; sourceTree = "<group>"; };
		A2B3F5442B50EC4800B5F72F /* CityNavigationUITests.xctest */ = {isa = PBXFileReference; explicitFileType = wrapper.cfbundle; includeInIndex = 0; path = CityNavigationUITests.xctest; sourceTree = BUILT_PRODUCTS_DIR; };
		A2B3F5482B50EC4800B5F72F /* CityNavigationUITests.swift */ = {isa = PBXFileReference; lastKnownFileType = sourcecode.swift; path = CityNavigationUITests.swift; sourceTree = "<group>"; };
		A2B3F54A2B50EC4800B5F72F /* CityNavigationUITestsLaunchTests.swift */ = {isa = PBXFileReference; lastKnownFileType = sourcecode.swift; path = CityNavigationUITestsLaunchTests.swift; sourceTree = "<group>"; };
		A2B3F55C2B50ED3700B5F72F /* MapViewController.swift */ = {isa = PBXFileReference; lastKnownFileType = sourcecode.swift; path = MapViewController.swift; sourceTree = "<group>"; };
		A2B3F55F2B50ED5D00B5F72F /* SearchViewController.swift */ = {isa = PBXFileReference; lastKnownFileType = sourcecode.swift; path = SearchViewController.swift; sourceTree = "<group>"; };
		A2B3F5612B50ED7000B5F72F /* HomeView.swift */ = {isa = PBXFileReference; lastKnownFileType = sourcecode.swift; path = HomeView.swift; sourceTree = "<group>"; };
		A2B3F5632B50F0C500B5F72F /* Info.plist */ = {isa = PBXFileReference; lastKnownFileType = text.plist; path = Info.plist; sourceTree = "<group>"; };
		A2B3F5642B5213E300B5F72F /* GoogleService-Info.plist */ = {isa = PBXFileReference; fileEncoding = 4; lastKnownFileType = text.plist.xml; name = "GoogleService-Info.plist"; path = "../GoogleService-Info.plist"; sourceTree = "<group>"; };
		A2B3F5752B54B9AE00B5F72F /* HomeDataSource.swift */ = {isa = PBXFileReference; lastKnownFileType = sourcecode.swift; path = HomeDataSource.swift; sourceTree = "<group>"; };
		A2B3F57A2B54B9C400B5F72F /* HomeRemoteDataSource.swift */ = {isa = PBXFileReference; lastKnownFileType = sourcecode.swift; path = HomeRemoteDataSource.swift; sourceTree = "<group>"; };
		A2B3F5822B54BFED00B5F72F /* GeoFire.framework */ = {isa = PBXFileReference; explicitFileType = wrapper.framework; path = GeoFire.framework; sourceTree = BUILT_PRODUCTS_DIR; };
		A2B3F5862B54CF0100B5F72F /* Accessibility.framework */ = {isa = PBXFileReference; lastKnownFileType = wrapper.framework; name = Accessibility.framework; path = System/Library/Frameworks/Accessibility.framework; sourceTree = SDKROOT; };
		D759CB6FB082911090E94246 /* Pods-CityNavigation-CityNavigationUITests.debug.xcconfig */ = {isa = PBXFileReference; includeInIndex = 1; lastKnownFileType = text.xcconfig; name = "Pods-CityNavigation-CityNavigationUITests.debug.xcconfig"; path = "Target Support Files/Pods-CityNavigation-CityNavigationUITests/Pods-CityNavigation-CityNavigationUITests.debug.xcconfig"; sourceTree = "<group>"; };
		F784024A9DC38FD7FB60F08C /* Pods-CityNavigationTests.release.xcconfig */ = {isa = PBXFileReference; includeInIndex = 1; lastKnownFileType = text.xcconfig; name = "Pods-CityNavigationTests.release.xcconfig"; path = "Target Support Files/Pods-CityNavigationTests/Pods-CityNavigationTests.release.xcconfig"; sourceTree = "<group>"; };
/* End PBXFileReference section */

/* Begin PBXFrameworksBuildPhase section */
		A2B3F5272B50EC4700B5F72F /* Frameworks */ = {
			isa = PBXFrameworksBuildPhase;
			buildActionMask = 2147483647;
			files = (
				A2B3F5892B54D1E400B5F72F /* FirebaseFirestoreSwift in Frameworks */,
				CBBE3331E39BB0DE76E2C661 /* Pods_CityNavigation.framework in Frameworks */,
			);
			runOnlyForDeploymentPostprocessing = 0;
		};
		A2B3F5372B50EC4800B5F72F /* Frameworks */ = {
			isa = PBXFrameworksBuildPhase;
			buildActionMask = 2147483647;
			files = (
				8FD218BF3331C0E0D0AD05E0 /* Pods_CityNavigationTests.framework in Frameworks */,
			);
			runOnlyForDeploymentPostprocessing = 0;
		};
		A2B3F5412B50EC4800B5F72F /* Frameworks */ = {
			isa = PBXFrameworksBuildPhase;
			buildActionMask = 2147483647;
			files = (
				686F3ADB5C838B88912BBC20 /* Pods_CityNavigation_CityNavigationUITests.framework in Frameworks */,
			);
			runOnlyForDeploymentPostprocessing = 0;
		};
/* End PBXFrameworksBuildPhase section */

/* Begin PBXGroup section */
		03ACC7CA6CBCE362F8D6E8DE /* Frameworks */ = {
			isa = PBXGroup;
			children = (
				A2B3F5862B54CF0100B5F72F /* Accessibility.framework */,
				A2B3F5822B54BFED00B5F72F /* GeoFire.framework */,
				8B44C703EAF23EDE20D732C9 /* Pods_CityNavigation.framework */,
				4F9EAB094B53C31B50176466 /* Pods_CityNavigation_CityNavigationUITests.framework */,
				7525280948A89B036778117B /* Pods_CityNavigationTests.framework */,
			);
			name = Frameworks;
			sourceTree = "<group>";
		};
		27F47ED42472895210FCEDA5 /* Pods */ = {
			isa = PBXGroup;
			children = (
				1D3EB1009BBFFC5ACD4BA91E /* Pods-CityNavigation.debug.xcconfig */,
				4C72098DCBCE38B12719CC09 /* Pods-CityNavigation.release.xcconfig */,
				D759CB6FB082911090E94246 /* Pods-CityNavigation-CityNavigationUITests.debug.xcconfig */,
				0D9B8022BD4F351E7C9E3B6E /* Pods-CityNavigation-CityNavigationUITests.release.xcconfig */,
				4ABA6B34CDC7CA29B8B3C162 /* Pods-CityNavigationTests.debug.xcconfig */,
				F784024A9DC38FD7FB60F08C /* Pods-CityNavigationTests.release.xcconfig */,
			);
			path = Pods;
			sourceTree = "<group>";
		};
		A2B3F5212B50EC4700B5F72F = {
			isa = PBXGroup;
			children = (
				A2B3F5642B5213E300B5F72F /* GoogleService-Info.plist */,
				A2B3F52C2B50EC4700B5F72F /* CityNavigation */,
				A2B3F53D2B50EC4800B5F72F /* CityNavigationTests */,
				A2B3F5472B50EC4800B5F72F /* CityNavigationUITests */,
				A2B3F52B2B50EC4700B5F72F /* Products */,
				27F47ED42472895210FCEDA5 /* Pods */,
				03ACC7CA6CBCE362F8D6E8DE /* Frameworks */,
			);
			sourceTree = "<group>";
		};
		A2B3F52B2B50EC4700B5F72F /* Products */ = {
			isa = PBXGroup;
			children = (
				A2B3F52A2B50EC4700B5F72F /* CityNavigation.app */,
				A2B3F53A2B50EC4800B5F72F /* CityNavigationTests.xctest */,
				A2B3F5442B50EC4800B5F72F /* CityNavigationUITests.xctest */,
			);
			name = Products;
			sourceTree = "<group>";
		};
		A2B3F52C2B50EC4700B5F72F /* CityNavigation */ = {
			isa = PBXGroup;
			children = (
				A2B3F5632B50F0C500B5F72F /* Info.plist */,
				A2B3F5572B50ECBD00B5F72F /* Home */,
				A2B3F52D2B50EC4700B5F72F /* CityNavigationApp.swift */,
				A2B3F52F2B50EC4700B5F72F /* ContentView.swift */,
				A2B3F5312B50EC4800B5F72F /* Assets.xcassets */,
				A2B3F5332B50EC4800B5F72F /* Preview Content */,
			);
			path = CityNavigation;
			sourceTree = "<group>";
		};
		A2B3F5332B50EC4800B5F72F /* Preview Content */ = {
			isa = PBXGroup;
			children = (
				A2B3F5342B50EC4800B5F72F /* Preview Assets.xcassets */,
			);
			path = "Preview Content";
			sourceTree = "<group>";
		};
		A2B3F53D2B50EC4800B5F72F /* CityNavigationTests */ = {
			isa = PBXGroup;
			children = (
				A2B3F53E2B50EC4800B5F72F /* CityNavigationTests.swift */,
			);
			path = CityNavigationTests;
			sourceTree = "<group>";
		};
		A2B3F5472B50EC4800B5F72F /* CityNavigationUITests */ = {
			isa = PBXGroup;
			children = (
				A2B3F5482B50EC4800B5F72F /* CityNavigationUITests.swift */,
				A2B3F54A2B50EC4800B5F72F /* CityNavigationUITestsLaunchTests.swift */,
			);
			path = CityNavigationUITests;
			sourceTree = "<group>";
		};
		A2B3F5572B50ECBD00B5F72F /* Home */ = {
			isa = PBXGroup;
			children = (
				A2B3F5722B54B99200B5F72F /* Domain */,
				A2B3F5712B54B98E00B5F72F /* Data */,
				A2B3F5582B50ECC400B5F72F /* UI */,
			);
			path = Home;
			sourceTree = "<group>";
		};
		A2B3F5582B50ECC400B5F72F /* UI */ = {
			isa = PBXGroup;
			children = (
				A2B3F55A2B50ED0600B5F72F /* View */,
				A2B3F5592B50ECFD00B5F72F /* ViewModel */,
			);
			path = UI;
			sourceTree = "<group>";
		};
		A2B3F5592B50ECFD00B5F72F /* ViewModel */ = {
			isa = PBXGroup;
			children = (
			);
			path = ViewModel;
			sourceTree = "<group>";
		};
		A2B3F55A2B50ED0600B5F72F /* View */ = {
			isa = PBXGroup;
			children = (
				A2B3F55B2B50ED2200B5F72F /* ViewController */,
				A2B3F5612B50ED7000B5F72F /* HomeView.swift */,
			);
			path = View;
			sourceTree = "<group>";
		};
		A2B3F55B2B50ED2200B5F72F /* ViewController */ = {
			isa = PBXGroup;
			children = (
				A2B3F55C2B50ED3700B5F72F /* MapViewController.swift */,
				A2B3F55F2B50ED5D00B5F72F /* SearchViewController.swift */,
			);
			path = ViewController;
			sourceTree = "<group>";
		};
		A2B3F5712B54B98E00B5F72F /* Data */ = {
			isa = PBXGroup;
			children = (
				A2B3F5742B54B99E00B5F72F /* Local */,
				A2B3F5732B54B99700B5F72F /* Remote */,
				A2B3F5752B54B9AE00B5F72F /* HomeDataSource.swift */,
			);
			path = Data;
			sourceTree = "<group>";
		};
		A2B3F5722B54B99200B5F72F /* Domain */ = {
			isa = PBXGroup;
			children = (
			);
			path = Domain;
			sourceTree = "<group>";
		};
		A2B3F5732B54B99700B5F72F /* Remote */ = {
			isa = PBXGroup;
			children = (
				A2B3F57A2B54B9C400B5F72F /* HomeRemoteDataSource.swift */,
			);
			path = Remote;
			sourceTree = "<group>";
		};
		A2B3F5742B54B99E00B5F72F /* Local */ = {
			isa = PBXGroup;
			children = (
			);
			path = Local;
			sourceTree = "<group>";
		};
/* End PBXGroup section */

/* Begin PBXNativeTarget section */
		A2B3F5292B50EC4700B5F72F /* CityNavigation */ = {
			isa = PBXNativeTarget;
			buildConfigurationList = A2B3F54E2B50EC4800B5F72F /* Build configuration list for PBXNativeTarget "CityNavigation" */;
			buildPhases = (
				127A0878DFC99FC0360296FE /* [CP] Check Pods Manifest.lock */,
				A2B3F5262B50EC4700B5F72F /* Sources */,
				A2B3F5272B50EC4700B5F72F /* Frameworks */,
				A2B3F5282B50EC4700B5F72F /* Resources */,
				01963AC13041A2B478766A89 /* [CP] Embed Pods Frameworks */,
			);
			buildRules = (
			);
			dependencies = (
			);
			name = CityNavigation;
			packageProductDependencies = (
				A2B3F5882B54D1E400B5F72F /* FirebaseFirestoreSwift */,
			);
			productName = CityNavigation;
			productReference = A2B3F52A2B50EC4700B5F72F /* CityNavigation.app */;
			productType = "com.apple.product-type.application";
		};
		A2B3F5392B50EC4800B5F72F /* CityNavigationTests */ = {
			isa = PBXNativeTarget;
			buildConfigurationList = A2B3F5512B50EC4800B5F72F /* Build configuration list for PBXNativeTarget "CityNavigationTests" */;
			buildPhases = (
				209249A132FC009F53F6837C /* [CP] Check Pods Manifest.lock */,
				A2B3F5362B50EC4800B5F72F /* Sources */,
				A2B3F5372B50EC4800B5F72F /* Frameworks */,
				A2B3F5382B50EC4800B5F72F /* Resources */,
			);
			buildRules = (
			);
			dependencies = (
				A2B3F53C2B50EC4800B5F72F /* PBXTargetDependency */,
			);
			name = CityNavigationTests;
			productName = CityNavigationTests;
			productReference = A2B3F53A2B50EC4800B5F72F /* CityNavigationTests.xctest */;
			productType = "com.apple.product-type.bundle.unit-test";
		};
		A2B3F5432B50EC4800B5F72F /* CityNavigationUITests */ = {
			isa = PBXNativeTarget;
			buildConfigurationList = A2B3F5542B50EC4800B5F72F /* Build configuration list for PBXNativeTarget "CityNavigationUITests" */;
			buildPhases = (
				1C9AE79F25EDED9E1D766B17 /* [CP] Check Pods Manifest.lock */,
				A2B3F5402B50EC4800B5F72F /* Sources */,
				A2B3F5412B50EC4800B5F72F /* Frameworks */,
				A2B3F5422B50EC4800B5F72F /* Resources */,
				EB06E16C281CCE6A7B928081 /* [CP] Embed Pods Frameworks */,
			);
			buildRules = (
			);
			dependencies = (
				A2B3F5462B50EC4800B5F72F /* PBXTargetDependency */,
			);
			name = CityNavigationUITests;
			productName = CityNavigationUITests;
			productReference = A2B3F5442B50EC4800B5F72F /* CityNavigationUITests.xctest */;
			productType = "com.apple.product-type.bundle.ui-testing";
		};
/* End PBXNativeTarget section */

/* Begin PBXProject section */
		A2B3F5222B50EC4700B5F72F /* Project object */ = {
			isa = PBXProject;
			attributes = {
				BuildIndependentTargetsInParallel = 1;
				LastSwiftUpdateCheck = 1510;
				LastUpgradeCheck = 1510;
				TargetAttributes = {
					A2B3F5292B50EC4700B5F72F = {
						CreatedOnToolsVersion = 15.1;
					};
					A2B3F5392B50EC4800B5F72F = {
						CreatedOnToolsVersion = 15.1;
						TestTargetID = A2B3F5292B50EC4700B5F72F;
					};
					A2B3F5432B50EC4800B5F72F = {
						CreatedOnToolsVersion = 15.1;
						TestTargetID = A2B3F5292B50EC4700B5F72F;
					};
				};
			};
			buildConfigurationList = A2B3F5252B50EC4700B5F72F /* Build configuration list for PBXProject "CityNavigation" */;
			compatibilityVersion = "Xcode 14.0";
			developmentRegion = en;
			hasScannedForEncodings = 0;
			knownRegions = (
				en,
				Base,
			);
			mainGroup = A2B3F5212B50EC4700B5F72F;
			packageReferences = (
				A2B3F5682B521C3900B5F72F /* XCRemoteSwiftPackageReference "firebase-ios-sdk" */,
			);
			productRefGroup = A2B3F52B2B50EC4700B5F72F /* Products */;
			projectDirPath = "";
			projectRoot = "";
			targets = (
				A2B3F5292B50EC4700B5F72F /* CityNavigation */,
				A2B3F5392B50EC4800B5F72F /* CityNavigationTests */,
				A2B3F5432B50EC4800B5F72F /* CityNavigationUITests */,
			);
		};
/* End PBXProject section */

/* Begin PBXResourcesBuildPhase section */
		A2B3F5282B50EC4700B5F72F /* Resources */ = {
			isa = PBXResourcesBuildPhase;
			buildActionMask = 2147483647;
			files = (
				A2B3F5352B50EC4800B5F72F /* Preview Assets.xcassets in Resources */,
				A2B3F5322B50EC4800B5F72F /* Assets.xcassets in Resources */,
				A2B3F5652B5213E300B5F72F /* GoogleService-Info.plist in Resources */,
			);
			runOnlyForDeploymentPostprocessing = 0;
		};
		A2B3F5382B50EC4800B5F72F /* Resources */ = {
			isa = PBXResourcesBuildPhase;
			buildActionMask = 2147483647;
			files = (
				A2B3F5662B5213E300B5F72F /* GoogleService-Info.plist in Resources */,
			);
			runOnlyForDeploymentPostprocessing = 0;
		};
		A2B3F5422B50EC4800B5F72F /* Resources */ = {
			isa = PBXResourcesBuildPhase;
			buildActionMask = 2147483647;
			files = (
				A2B3F5672B5213E300B5F72F /* GoogleService-Info.plist in Resources */,
			);
			runOnlyForDeploymentPostprocessing = 0;
		};
/* End PBXResourcesBuildPhase section */

/* Begin PBXShellScriptBuildPhase section */
		01963AC13041A2B478766A89 /* [CP] Embed Pods Frameworks */ = {
			isa = PBXShellScriptBuildPhase;
			buildActionMask = 2147483647;
			files = (
			);
			inputFileListPaths = (
				"${PODS_ROOT}/Target Support Files/Pods-CityNavigation/Pods-CityNavigation-frameworks-${CONFIGURATION}-input-files.xcfilelist",
			);
			name = "[CP] Embed Pods Frameworks";
			outputFileListPaths = (
				"${PODS_ROOT}/Target Support Files/Pods-CityNavigation/Pods-CityNavigation-frameworks-${CONFIGURATION}-output-files.xcfilelist",
			);
			runOnlyForDeploymentPostprocessing = 0;
			shellPath = /bin/sh;
			shellScript = "\"${PODS_ROOT}/Target Support Files/Pods-CityNavigation/Pods-CityNavigation-frameworks.sh\"\n";
			showEnvVarsInLog = 0;
		};
		127A0878DFC99FC0360296FE /* [CP] Check Pods Manifest.lock */ = {
			isa = PBXShellScriptBuildPhase;
			buildActionMask = 2147483647;
			files = (
			);
			inputFileListPaths = (
			);
			inputPaths = (
				"${PODS_PODFILE_DIR_PATH}/Podfile.lock",
				"${PODS_ROOT}/Manifest.lock",
			);
			name = "[CP] Check Pods Manifest.lock";
			outputFileListPaths = (
			);
			outputPaths = (
				"$(DERIVED_FILE_DIR)/Pods-CityNavigation-checkManifestLockResult.txt",
			);
			runOnlyForDeploymentPostprocessing = 0;
			shellPath = /bin/sh;
			shellScript = "diff \"${PODS_PODFILE_DIR_PATH}/Podfile.lock\" \"${PODS_ROOT}/Manifest.lock\" > /dev/null\nif [ $? != 0 ] ; then\n    # print error to STDERR\n    echo \"error: The sandbox is not in sync with the Podfile.lock. Run 'pod install' or update your CocoaPods installation.\" >&2\n    exit 1\nfi\n# This output is used by Xcode 'outputs' to avoid re-running this script phase.\necho \"SUCCESS\" > \"${SCRIPT_OUTPUT_FILE_0}\"\n";
			showEnvVarsInLog = 0;
		};
		1C9AE79F25EDED9E1D766B17 /* [CP] Check Pods Manifest.lock */ = {
			isa = PBXShellScriptBuildPhase;
			buildActionMask = 2147483647;
			files = (
			);
			inputFileListPaths = (
			);
			inputPaths = (
				"${PODS_PODFILE_DIR_PATH}/Podfile.lock",
				"${PODS_ROOT}/Manifest.lock",
			);
			name = "[CP] Check Pods Manifest.lock";
			outputFileListPaths = (
			);
			outputPaths = (
				"$(DERIVED_FILE_DIR)/Pods-CityNavigation-CityNavigationUITests-checkManifestLockResult.txt",
			);
			runOnlyForDeploymentPostprocessing = 0;
			shellPath = /bin/sh;
			shellScript = "diff \"${PODS_PODFILE_DIR_PATH}/Podfile.lock\" \"${PODS_ROOT}/Manifest.lock\" > /dev/null\nif [ $? != 0 ] ; then\n    # print error to STDERR\n    echo \"error: The sandbox is not in sync with the Podfile.lock. Run 'pod install' or update your CocoaPods installation.\" >&2\n    exit 1\nfi\n# This output is used by Xcode 'outputs' to avoid re-running this script phase.\necho \"SUCCESS\" > \"${SCRIPT_OUTPUT_FILE_0}\"\n";
			showEnvVarsInLog = 0;
		};
		209249A132FC009F53F6837C /* [CP] Check Pods Manifest.lock */ = {
			isa = PBXShellScriptBuildPhase;
			buildActionMask = 2147483647;
			files = (
			);
			inputFileListPaths = (
			);
			inputPaths = (
				"${PODS_PODFILE_DIR_PATH}/Podfile.lock",
				"${PODS_ROOT}/Manifest.lock",
			);
			name = "[CP] Check Pods Manifest.lock";
			outputFileListPaths = (
			);
			outputPaths = (
				"$(DERIVED_FILE_DIR)/Pods-CityNavigationTests-checkManifestLockResult.txt",
			);
			runOnlyForDeploymentPostprocessing = 0;
			shellPath = /bin/sh;
			shellScript = "diff \"${PODS_PODFILE_DIR_PATH}/Podfile.lock\" \"${PODS_ROOT}/Manifest.lock\" > /dev/null\nif [ $? != 0 ] ; then\n    # print error to STDERR\n    echo \"error: The sandbox is not in sync with the Podfile.lock. Run 'pod install' or update your CocoaPods installation.\" >&2\n    exit 1\nfi\n# This output is used by Xcode 'outputs' to avoid re-running this script phase.\necho \"SUCCESS\" > \"${SCRIPT_OUTPUT_FILE_0}\"\n";
			showEnvVarsInLog = 0;
		};
		EB06E16C281CCE6A7B928081 /* [CP] Embed Pods Frameworks */ = {
			isa = PBXShellScriptBuildPhase;
			buildActionMask = 2147483647;
			files = (
			);
			inputFileListPaths = (
				"${PODS_ROOT}/Target Support Files/Pods-CityNavigation-CityNavigationUITests/Pods-CityNavigation-CityNavigationUITests-frameworks-${CONFIGURATION}-input-files.xcfilelist",
			);
			name = "[CP] Embed Pods Frameworks";
			outputFileListPaths = (
				"${PODS_ROOT}/Target Support Files/Pods-CityNavigation-CityNavigationUITests/Pods-CityNavigation-CityNavigationUITests-frameworks-${CONFIGURATION}-output-files.xcfilelist",
			);
			runOnlyForDeploymentPostprocessing = 0;
			shellPath = /bin/sh;
			shellScript = "\"${PODS_ROOT}/Target Support Files/Pods-CityNavigation-CityNavigationUITests/Pods-CityNavigation-CityNavigationUITests-frameworks.sh\"\n";
			showEnvVarsInLog = 0;
		};
/* End PBXShellScriptBuildPhase section */

/* Begin PBXSourcesBuildPhase section */
		A2B3F5262B50EC4700B5F72F /* Sources */ = {
			isa = PBXSourcesBuildPhase;
			buildActionMask = 2147483647;
			files = (
				A2B3F5302B50EC4700B5F72F /* ContentView.swift in Sources */,
				A2B3F5762B54B9AE00B5F72F /* HomeDataSource.swift in Sources */,
				A2B3F5602B50ED5D00B5F72F /* SearchViewController.swift in Sources */,
				A2B3F52E2B50EC4700B5F72F /* CityNavigationApp.swift in Sources */,
				A2B3F57B2B54B9C400B5F72F /* HomeRemoteDataSource.swift in Sources */,
				A2B3F5622B50ED7000B5F72F /* HomeView.swift in Sources */,
				A2B3F55D2B50ED3700B5F72F /* MapViewController.swift in Sources */,
			);
			runOnlyForDeploymentPostprocessing = 0;
		};
		A2B3F5362B50EC4800B5F72F /* Sources */ = {
			isa = PBXSourcesBuildPhase;
			buildActionMask = 2147483647;
			files = (
				A2B3F53F2B50EC4800B5F72F /* CityNavigationTests.swift in Sources */,
				A2B3F5772B54B9AE00B5F72F /* HomeDataSource.swift in Sources */,
				A2B3F57C2B54B9C400B5F72F /* HomeRemoteDataSource.swift in Sources */,
			);
			runOnlyForDeploymentPostprocessing = 0;
		};
		A2B3F5402B50EC4800B5F72F /* Sources */ = {
			isa = PBXSourcesBuildPhase;
			buildActionMask = 2147483647;
			files = (
				A2B3F5492B50EC4800B5F72F /* CityNavigationUITests.swift in Sources */,
				A2B3F5782B54B9AE00B5F72F /* HomeDataSource.swift in Sources */,
				A2B3F54B2B50EC4800B5F72F /* CityNavigationUITestsLaunchTests.swift in Sources */,
				A2B3F57D2B54B9C400B5F72F /* HomeRemoteDataSource.swift in Sources */,
			);
			runOnlyForDeploymentPostprocessing = 0;
		};
/* End PBXSourcesBuildPhase section */

/* Begin PBXTargetDependency section */
		A2B3F53C2B50EC4800B5F72F /* PBXTargetDependency */ = {
			isa = PBXTargetDependency;
			target = A2B3F5292B50EC4700B5F72F /* CityNavigation */;
			targetProxy = A2B3F53B2B50EC4800B5F72F /* PBXContainerItemProxy */;
		};
		A2B3F5462B50EC4800B5F72F /* PBXTargetDependency */ = {
			isa = PBXTargetDependency;
			target = A2B3F5292B50EC4700B5F72F /* CityNavigation */;
			targetProxy = A2B3F5452B50EC4800B5F72F /* PBXContainerItemProxy */;
		};
/* End PBXTargetDependency section */

/* Begin XCBuildConfiguration section */
		A2B3F54C2B50EC4800B5F72F /* Debug */ = {
			isa = XCBuildConfiguration;
			buildSettings = {
				ALWAYS_SEARCH_USER_PATHS = NO;
				ASSETCATALOG_COMPILER_GENERATE_SWIFT_ASSET_SYMBOL_EXTENSIONS = YES;
				CLANG_ANALYZER_NONNULL = YES;
				CLANG_ANALYZER_NUMBER_OBJECT_CONVERSION = YES_AGGRESSIVE;
				CLANG_CXX_LANGUAGE_STANDARD = "gnu++20";
				CLANG_ENABLE_MODULES = YES;
				CLANG_ENABLE_OBJC_ARC = YES;
				CLANG_ENABLE_OBJC_WEAK = YES;
				CLANG_WARN_BLOCK_CAPTURE_AUTORELEASING = YES;
				CLANG_WARN_BOOL_CONVERSION = YES;
				CLANG_WARN_COMMA = YES;
				CLANG_WARN_CONSTANT_CONVERSION = YES;
				CLANG_WARN_DEPRECATED_OBJC_IMPLEMENTATIONS = YES;
				CLANG_WARN_DIRECT_OBJC_ISA_USAGE = YES_ERROR;
				CLANG_WARN_DOCUMENTATION_COMMENTS = YES;
				CLANG_WARN_EMPTY_BODY = YES;
				CLANG_WARN_ENUM_CONVERSION = YES;
				CLANG_WARN_INFINITE_RECURSION = YES;
				CLANG_WARN_INT_CONVERSION = YES;
				CLANG_WARN_NON_LITERAL_NULL_CONVERSION = YES;
				CLANG_WARN_OBJC_IMPLICIT_RETAIN_SELF = YES;
				CLANG_WARN_OBJC_LITERAL_CONVERSION = YES;
				CLANG_WARN_OBJC_ROOT_CLASS = YES_ERROR;
				CLANG_WARN_QUOTED_INCLUDE_IN_FRAMEWORK_HEADER = NO;
				CLANG_WARN_RANGE_LOOP_ANALYSIS = YES;
				CLANG_WARN_STRICT_PROTOTYPES = YES;
				CLANG_WARN_SUSPICIOUS_MOVE = YES;
				CLANG_WARN_UNGUARDED_AVAILABILITY = YES_AGGRESSIVE;
				CLANG_WARN_UNREACHABLE_CODE = YES;
				CLANG_WARN__DUPLICATE_METHOD_MATCH = YES;
				COPY_PHASE_STRIP = NO;
				DEBUG_INFORMATION_FORMAT = dwarf;
				ENABLE_STRICT_OBJC_MSGSEND = YES;
				ENABLE_TESTABILITY = YES;
				ENABLE_USER_SCRIPT_SANDBOXING = YES;
				GCC_C_LANGUAGE_STANDARD = gnu17;
				GCC_DYNAMIC_NO_PIC = NO;
				GCC_NO_COMMON_BLOCKS = YES;
				GCC_OPTIMIZATION_LEVEL = 0;
				GCC_PREPROCESSOR_DEFINITIONS = (
					"DEBUG=1",
					"$(inherited)",
				);
				GCC_WARN_64_TO_32_BIT_CONVERSION = YES;
				GCC_WARN_ABOUT_RETURN_TYPE = YES_ERROR;
				GCC_WARN_UNDECLARED_SELECTOR = YES;
				GCC_WARN_UNINITIALIZED_AUTOS = YES_AGGRESSIVE;
				GCC_WARN_UNUSED_FUNCTION = YES;
				GCC_WARN_UNUSED_VARIABLE = YES;
				IPHONEOS_DEPLOYMENT_TARGET = 17.2;
				LOCALIZATION_PREFERS_STRING_CATALOGS = YES;
				MTL_ENABLE_DEBUG_INFO = INCLUDE_SOURCE;
				MTL_FAST_MATH = YES;
				ONLY_ACTIVE_ARCH = YES;
				SDKROOT = iphoneos;
				SWIFT_ACTIVE_COMPILATION_CONDITIONS = "DEBUG $(inherited)";
				SWIFT_OPTIMIZATION_LEVEL = "-Onone";
			};
			name = Debug;
		};
		A2B3F54D2B50EC4800B5F72F /* Release */ = {
			isa = XCBuildConfiguration;
			buildSettings = {
				ALWAYS_SEARCH_USER_PATHS = NO;
				ASSETCATALOG_COMPILER_GENERATE_SWIFT_ASSET_SYMBOL_EXTENSIONS = YES;
				CLANG_ANALYZER_NONNULL = YES;
				CLANG_ANALYZER_NUMBER_OBJECT_CONVERSION = YES_AGGRESSIVE;
				CLANG_CXX_LANGUAGE_STANDARD = "gnu++20";
				CLANG_ENABLE_MODULES = YES;
				CLANG_ENABLE_OBJC_ARC = YES;
				CLANG_ENABLE_OBJC_WEAK = YES;
				CLANG_WARN_BLOCK_CAPTURE_AUTORELEASING = YES;
				CLANG_WARN_BOOL_CONVERSION = YES;
				CLANG_WARN_COMMA = YES;
				CLANG_WARN_CONSTANT_CONVERSION = YES;
				CLANG_WARN_DEPRECATED_OBJC_IMPLEMENTATIONS = YES;
				CLANG_WARN_DIRECT_OBJC_ISA_USAGE = YES_ERROR;
				CLANG_WARN_DOCUMENTATION_COMMENTS = YES;
				CLANG_WARN_EMPTY_BODY = YES;
				CLANG_WARN_ENUM_CONVERSION = YES;
				CLANG_WARN_INFINITE_RECURSION = YES;
				CLANG_WARN_INT_CONVERSION = YES;
				CLANG_WARN_NON_LITERAL_NULL_CONVERSION = YES;
				CLANG_WARN_OBJC_IMPLICIT_RETAIN_SELF = YES;
				CLANG_WARN_OBJC_LITERAL_CONVERSION = YES;
				CLANG_WARN_OBJC_ROOT_CLASS = YES_ERROR;
				CLANG_WARN_QUOTED_INCLUDE_IN_FRAMEWORK_HEADER = NO;
				CLANG_WARN_RANGE_LOOP_ANALYSIS = YES;
				CLANG_WARN_STRICT_PROTOTYPES = YES;
				CLANG_WARN_SUSPICIOUS_MOVE = YES;
				CLANG_WARN_UNGUARDED_AVAILABILITY = YES_AGGRESSIVE;
				CLANG_WARN_UNREACHABLE_CODE = YES;
				CLANG_WARN__DUPLICATE_METHOD_MATCH = YES;
				COPY_PHASE_STRIP = NO;
				DEBUG_INFORMATION_FORMAT = "dwarf-with-dsym";
				ENABLE_NS_ASSERTIONS = NO;
				ENABLE_STRICT_OBJC_MSGSEND = YES;
				ENABLE_USER_SCRIPT_SANDBOXING = YES;
				GCC_C_LANGUAGE_STANDARD = gnu17;
				GCC_NO_COMMON_BLOCKS = YES;
				GCC_WARN_64_TO_32_BIT_CONVERSION = YES;
				GCC_WARN_ABOUT_RETURN_TYPE = YES_ERROR;
				GCC_WARN_UNDECLARED_SELECTOR = YES;
				GCC_WARN_UNINITIALIZED_AUTOS = YES_AGGRESSIVE;
				GCC_WARN_UNUSED_FUNCTION = YES;
				GCC_WARN_UNUSED_VARIABLE = YES;
				IPHONEOS_DEPLOYMENT_TARGET = 17.2;
				LOCALIZATION_PREFERS_STRING_CATALOGS = YES;
				MTL_ENABLE_DEBUG_INFO = NO;
				MTL_FAST_MATH = YES;
				SDKROOT = iphoneos;
				SWIFT_COMPILATION_MODE = wholemodule;
				VALIDATE_PRODUCT = YES;
			};
			name = Release;
		};
		A2B3F54F2B50EC4800B5F72F /* Debug */ = {
			isa = XCBuildConfiguration;
			baseConfigurationReference = 1D3EB1009BBFFC5ACD4BA91E /* Pods-CityNavigation.debug.xcconfig */;
			buildSettings = {
				ASSETCATALOG_COMPILER_APPICON_NAME = AppIcon;
				ASSETCATALOG_COMPILER_GLOBAL_ACCENT_COLOR_NAME = AccentColor;
				CODE_SIGN_STYLE = Automatic;
				CURRENT_PROJECT_VERSION = 1;
				DEVELOPMENT_ASSET_PATHS = "\"CityNavigation/Preview Content\"";
				DEVELOPMENT_TEAM = 2ZF7G3U97N;
				ENABLE_PREVIEWS = YES;
				ENABLE_USER_SCRIPT_SANDBOXING = NO;
				GCC_INPUT_FILETYPE = sourcecode.cpp.objcpp;
				GENERATE_INFOPLIST_FILE = YES;
				INFOPLIST_FILE = CityNavigation/Info.plist;
				INFOPLIST_KEY_NSLocationAlwaysAndWhenInUseUsageDescription = "\"need location bitch\"";
				INFOPLIST_KEY_NSLocationWhenInUseUsageDescription = "\"location now bitch\"";
				INFOPLIST_KEY_UIApplicationSceneManifest_Generation = YES;
				INFOPLIST_KEY_UIApplicationSupportsIndirectInputEvents = YES;
				INFOPLIST_KEY_UILaunchScreen_Generation = YES;
				INFOPLIST_KEY_UISupportedInterfaceOrientations_iPad = "UIInterfaceOrientationPortrait UIInterfaceOrientationPortraitUpsideDown UIInterfaceOrientationLandscapeLeft UIInterfaceOrientationLandscapeRight";
				INFOPLIST_KEY_UISupportedInterfaceOrientations_iPhone = "UIInterfaceOrientationPortrait UIInterfaceOrientationLandscapeLeft UIInterfaceOrientationLandscapeRight";
				LD_RUNPATH_SEARCH_PATHS = (
					"$(inherited)",
					"@executable_path/Frameworks",
				);
				MARKETING_VERSION = 1.0;
				OTHER_SWIFT_FLAGS = "$(inherited) -D COCOAPODS \"-D ios_simulator=yes\"";
				PRODUCT_BUNDLE_IDENTIFIER = DZIndustries.CityNavigation;
				PRODUCT_NAME = "$(TARGET_NAME)";
				SWIFT_EMIT_LOC_STRINGS = YES;
				SWIFT_VERSION = 5.0;
				TARGETED_DEVICE_FAMILY = "1,2";
			};
			name = Debug;
		};
		A2B3F5502B50EC4800B5F72F /* Release */ = {
			isa = XCBuildConfiguration;
			baseConfigurationReference = 4C72098DCBCE38B12719CC09 /* Pods-CityNavigation.release.xcconfig */;
			buildSettings = {
				ASSETCATALOG_COMPILER_APPICON_NAME = AppIcon;
				ASSETCATALOG_COMPILER_GLOBAL_ACCENT_COLOR_NAME = AccentColor;
				CODE_SIGN_STYLE = Automatic;
				CURRENT_PROJECT_VERSION = 1;
				DEVELOPMENT_ASSET_PATHS = "\"CityNavigation/Preview Content\"";
				DEVELOPMENT_TEAM = 2ZF7G3U97N;
				ENABLE_PREVIEWS = YES;
				ENABLE_USER_SCRIPT_SANDBOXING = NO;
				GCC_INPUT_FILETYPE = sourcecode.cpp.objcpp;
				GENERATE_INFOPLIST_FILE = YES;
				INFOPLIST_FILE = CityNavigation/Info.plist;
				INFOPLIST_KEY_NSLocationAlwaysAndWhenInUseUsageDescription = "\"need location bitch\"";
				INFOPLIST_KEY_NSLocationWhenInUseUsageDescription = "\"location now bitch\"";
				INFOPLIST_KEY_UIApplicationSceneManifest_Generation = YES;
				INFOPLIST_KEY_UIApplicationSupportsIndirectInputEvents = YES;
				INFOPLIST_KEY_UILaunchScreen_Generation = YES;
				INFOPLIST_KEY_UISupportedInterfaceOrientations_iPad = "UIInterfaceOrientationPortrait UIInterfaceOrientationPortraitUpsideDown UIInterfaceOrientationLandscapeLeft UIInterfaceOrientationLandscapeRight";
				INFOPLIST_KEY_UISupportedInterfaceOrientations_iPhone = "UIInterfaceOrientationPortrait UIInterfaceOrientationLandscapeLeft UIInterfaceOrientationLandscapeRight";
				LD_RUNPATH_SEARCH_PATHS = (
					"$(inherited)",
					"@executable_path/Frameworks",
				);
				MARKETING_VERSION = 1.0;
				OTHER_SWIFT_FLAGS = "$(inherited) -D COCOAPODS \"-D ios_simulator=yes\"";
				PRODUCT_BUNDLE_IDENTIFIER = DZIndustries.CityNavigation;
				PRODUCT_NAME = "$(TARGET_NAME)";
				SWIFT_EMIT_LOC_STRINGS = YES;
				SWIFT_VERSION = 5.0;
				TARGETED_DEVICE_FAMILY = "1,2";
			};
			name = Release;
		};
		A2B3F5522B50EC4800B5F72F /* Debug */ = {
			isa = XCBuildConfiguration;
			baseConfigurationReference = 4ABA6B34CDC7CA29B8B3C162 /* Pods-CityNavigationTests.debug.xcconfig */;
			buildSettings = {
				ALWAYS_EMBED_SWIFT_STANDARD_LIBRARIES = YES;
				BUNDLE_LOADER = "$(TEST_HOST)";
				CODE_SIGN_STYLE = Automatic;
				CURRENT_PROJECT_VERSION = 1;
				DEVELOPMENT_TEAM = 2ZF7G3U97N;
				GENERATE_INFOPLIST_FILE = YES;
				IPHONEOS_DEPLOYMENT_TARGET = 17.2;
				MARKETING_VERSION = 1.0;
				PRODUCT_BUNDLE_IDENTIFIER = DZIndustries.CityNavigationTests;
				PRODUCT_NAME = "$(TARGET_NAME)";
				SWIFT_EMIT_LOC_STRINGS = NO;
				SWIFT_VERSION = 5.0;
				TARGETED_DEVICE_FAMILY = "1,2";
				TEST_HOST = "$(BUILT_PRODUCTS_DIR)/CityNavigation.app/$(BUNDLE_EXECUTABLE_FOLDER_PATH)/CityNavigation";
			};
			name = Debug;
		};
		A2B3F5532B50EC4800B5F72F /* Release */ = {
			isa = XCBuildConfiguration;
			baseConfigurationReference = F784024A9DC38FD7FB60F08C /* Pods-CityNavigationTests.release.xcconfig */;
			buildSettings = {
				ALWAYS_EMBED_SWIFT_STANDARD_LIBRARIES = YES;
				BUNDLE_LOADER = "$(TEST_HOST)";
				CODE_SIGN_STYLE = Automatic;
				CURRENT_PROJECT_VERSION = 1;
				DEVELOPMENT_TEAM = 2ZF7G3U97N;
				GENERATE_INFOPLIST_FILE = YES;
				IPHONEOS_DEPLOYMENT_TARGET = 17.2;
				MARKETING_VERSION = 1.0;
				PRODUCT_BUNDLE_IDENTIFIER = DZIndustries.CityNavigationTests;
				PRODUCT_NAME = "$(TARGET_NAME)";
				SWIFT_EMIT_LOC_STRINGS = NO;
				SWIFT_VERSION = 5.0;
				TARGETED_DEVICE_FAMILY = "1,2";
				TEST_HOST = "$(BUILT_PRODUCTS_DIR)/CityNavigation.app/$(BUNDLE_EXECUTABLE_FOLDER_PATH)/CityNavigation";
			};
			name = Release;
		};
		A2B3F5552B50EC4800B5F72F /* Debug */ = {
			isa = XCBuildConfiguration;
			baseConfigurationReference = D759CB6FB082911090E94246 /* Pods-CityNavigation-CityNavigationUITests.debug.xcconfig */;
			buildSettings = {
				ALWAYS_EMBED_SWIFT_STANDARD_LIBRARIES = YES;
				CODE_SIGN_STYLE = Automatic;
				CURRENT_PROJECT_VERSION = 1;
				DEVELOPMENT_TEAM = 2ZF7G3U97N;
				GENERATE_INFOPLIST_FILE = YES;
				MARKETING_VERSION = 1.0;
				PRODUCT_BUNDLE_IDENTIFIER = DZIndustries.CityNavigationUITests;
				PRODUCT_NAME = "$(TARGET_NAME)";
				SWIFT_EMIT_LOC_STRINGS = NO;
				SWIFT_VERSION = 5.0;
				TARGETED_DEVICE_FAMILY = "1,2";
				TEST_TARGET_NAME = CityNavigation;
			};
			name = Debug;
		};
		A2B3F5562B50EC4800B5F72F /* Release */ = {
			isa = XCBuildConfiguration;
			baseConfigurationReference = 0D9B8022BD4F351E7C9E3B6E /* Pods-CityNavigation-CityNavigationUITests.release.xcconfig */;
			buildSettings = {
				ALWAYS_EMBED_SWIFT_STANDARD_LIBRARIES = YES;
				CODE_SIGN_STYLE = Automatic;
				CURRENT_PROJECT_VERSION = 1;
				DEVELOPMENT_TEAM = 2ZF7G3U97N;
				GENERATE_INFOPLIST_FILE = YES;
				MARKETING_VERSION = 1.0;
				PRODUCT_BUNDLE_IDENTIFIER = DZIndustries.CityNavigationUITests;
				PRODUCT_NAME = "$(TARGET_NAME)";
				SWIFT_EMIT_LOC_STRINGS = NO;
				SWIFT_VERSION = 5.0;
				TARGETED_DEVICE_FAMILY = "1,2";
				TEST_TARGET_NAME = CityNavigation;
			};
			name = Release;
		};
/* End XCBuildConfiguration section */

/* Begin XCConfigurationList section */
		A2B3F5252B50EC4700B5F72F /* Build configuration list for PBXProject "CityNavigation" */ = {
			isa = XCConfigurationList;
			buildConfigurations = (
				A2B3F54C2B50EC4800B5F72F /* Debug */,
				A2B3F54D2B50EC4800B5F72F /* Release */,
			);
			defaultConfigurationIsVisible = 0;
			defaultConfigurationName = Release;
		};
		A2B3F54E2B50EC4800B5F72F /* Build configuration list for PBXNativeTarget "CityNavigation" */ = {
			isa = XCConfigurationList;
			buildConfigurations = (
				A2B3F54F2B50EC4800B5F72F /* Debug */,
				A2B3F5502B50EC4800B5F72F /* Release */,
			);
			defaultConfigurationIsVisible = 0;
			defaultConfigurationName = Release;
		};
		A2B3F5512B50EC4800B5F72F /* Build configuration list for PBXNativeTarget "CityNavigationTests" */ = {
			isa = XCConfigurationList;
			buildConfigurations = (
				A2B3F5522B50EC4800B5F72F /* Debug */,
				A2B3F5532B50EC4800B5F72F /* Release */,
			);
			defaultConfigurationIsVisible = 0;
			defaultConfigurationName = Release;
		};
		A2B3F5542B50EC4800B5F72F /* Build configuration list for PBXNativeTarget "CityNavigationUITests" */ = {
			isa = XCConfigurationList;
			buildConfigurations = (
				A2B3F5552B50EC4800B5F72F /* Debug */,
				A2B3F5562B50EC4800B5F72F /* Release */,
			);
			defaultConfigurationIsVisible = 0;
			defaultConfigurationName = Release;
		};
/* End XCConfigurationList section */

/* Begin XCRemoteSwiftPackageReference section */
		A2B3F5682B521C3900B5F72F /* XCRemoteSwiftPackageReference "firebase-ios-sdk" */ = {
			isa = XCRemoteSwiftPackageReference;
			repositoryURL = "https://github.com/firebase/firebase-ios-sdk";
			requirement = {
				kind = upToNextMajorVersion;
				minimumVersion = 10.19.1;
			};
		};
/* End XCRemoteSwiftPackageReference section */

/* Begin XCSwiftPackageProductDependency section */
		A2B3F5882B54D1E400B5F72F /* FirebaseFirestoreSwift */ = {
			isa = XCSwiftPackageProductDependency;
			package = A2B3F5682B521C3900B5F72F /* XCRemoteSwiftPackageReference "firebase-ios-sdk" */;
			productName = FirebaseFirestoreSwift;
		};
/* End XCSwiftPackageProductDependency section */
	};
	rootObject = A2B3F5222B50EC4700B5F72F /* Project object */;
}
